Microsoft Visual Studio Solution File, Format Version 12.00
# Visual Studio 14
VisualStudioVersion = 14.0.25420.1
MinimumVisualStudioVersion = 10.0.40219.1
Project("{FAE04EC0-301F-11D3-BF4B-00C04F79EFBC}") = "PDFsharp", "PdfSharp\PDFsharp.csproj", "{5A6055BC-BF86-4FDD-9F62-0109DB7A303B}"
EndProject
Project("{FAE04EC0-301F-11D3-BF4B-00C04F79EFBC}") = "PdfSharp.Charting", "PdfSharp.Charting\PdfSharp.Charting.csproj", "{6F98A822-41B0-4C7A-85A6-E95C1D3E88EF}"
EndProject
Project("{FAE04EC0-301F-11D3-BF4B-00C04F79EFBC}") = "PdfSharp-gdi", "PdfSharp-gdi\PdfSharp-gdi.csproj", "{5384CE57-1F94-4D22-860D-2E9C1AC12DDF}"
EndProject
Project("{FAE04EC0-301F-11D3-BF4B-00C04F79EFBC}") = "PdfSharp.Charting-gdi", "PdfSharp.Charting-gdi\PdfSharp.Charting-gdi.csproj", "{CFDB7D46-EA8D-47DE-B10A-9E755A1B48BA}"
EndProject
Project("{FAE04EC0-301F-11D3-BF4B-00C04F79EFBC}") = "PdfSharp-wpf", "PdfSharp-wpf\PdfSharp-wpf.csproj", "{02FCC0BB-2AA2-43BA-8D2F-66D168B87A1D}"
EndProject
Project("{FAE04EC0-301F-11D3-BF4B-00C04F79EFBC}") = "PdfSharp.Charting-wpf", "PdfSharp.Charting-wpf\PdfSharp.Charting-wpf.csproj", "{E6A2734E-0CD6-4210-8AEC-47EE348F8D78}"
EndProject
Project("{FAE04EC0-301F-11D3-BF4B-00C04F79EFBC}") = "ConsoleApplication1", "ConsoleApplication1\ConsoleApplication1.csproj", "{6B2CB8D3-0DB1-4093-B7C0-BD655D7312BC}"
EndProject
Project("{FAE04EC0-301F-11D3-BF4B-00C04F79EFBC}") = "pdfRead", "..\..\..\..\Documents\Visual Studio 2015\Projects\pdfRead\pdfRead\pdfRead.csproj", "{5F889D13-5D64-41FD-8F26-15F09A26D26F}"
EndProject
Project("{FAE04EC0-301F-11D3-BF4B-00C04F79EFBC}") = "PdfExtractor", "..\..\..\..\workspace\JixiProject\JixiProject\JixiSDK\PdfExtractor\PdfExtractor.csproj", "{89A9D3BA-DB8D-462D-A26D-079417A0C612}"
EndProject
Project("{FAE04EC0-301F-11D3-BF4B-00C04F79EFBC}") = "PDFSharp.Extensions", "..\..\..\..\workspace\JixiProject\JixiProject\JixiSDK\PDFSharp.Extensions-master\PDFSharp.Extensions.csproj", "{35910C2C-3D6D-4912-9584-4DE66C294729}"
EndProject
Global
	GlobalSection(SolutionConfigurationPlatforms) = preSolution
		Debug|Any CPU = Debug|Any CPU
		Debug|ARM = Debug|ARM
		Debug|Mixed Platforms = Debug|Mixed Platforms
		Debug|Win32 = Debug|Win32
		Debug|x64 = Debug|x64
		Debug|x86 = Debug|x86
		Release|Any CPU = Release|Any CPU
		Release|ARM = Release|ARM
		Release|Mixed Platforms = Release|Mixed Platforms
		Release|Win32 = Release|Win32
		Release|x64 = Release|x64
		Release|x86 = Release|x86
	EndGlobalSection
	GlobalSection(ProjectConfigurationPlatforms) = postSolution
		{5A6055BC-BF86-4FDD-9F62-0109DB7A303B}.Debug|Any CPU.ActiveCfg = Debug|Any CPU
		{5A6055BC-BF86-4FDD-9F62-0109DB7A303B}.Debug|Any CPU.Build.0 = Debug|Any CPU
		{5A6055BC-BF86-4FDD-9F62-0109DB7A303B}.Debug|ARM.ActiveCfg = Debug|Any CPU
		{5A6055BC-BF86-4FDD-9F62-0109DB7A303B}.Debug|Mixed Platforms.ActiveCfg = Debug|Any CPU
		{5A6055BC-BF86-4FDD-9F62-0109DB7A303B}.Debug|Mixed Platforms.Build.0 = Debug|Any CPU
		{5A6055BC-BF86-4FDD-9F62-0109DB7A303B}.Debug|Win32.ActiveCfg = Debug|Any CPU
		{5A6055BC-BF86-4FDD-9F62-0109DB7A303B}.Debug|x64.ActiveCfg = Debug|Any CPU
		{5A6055BC-BF86-4FDD-9F62-0109DB7A303B}.Debug|x86.ActiveCfg = Debug|Any CPU
		{5A6055BC-BF86-4FDD-9F62-0109DB7A303B}.Release|Any CPU.ActiveCfg = Release|Any CPU
		{5A6055BC-BF86-4FDD-9F62-0109DB7A303B}.Release|Any CPU.Build.0 = Release|Any CPU
		{5A6055BC-BF86-4FDD-9F62-0109DB7A303B}.Release|ARM.ActiveCfg = Release|Any CPU
		{5A6055BC-BF86-4FDD-9F62-0109DB7A303B}.Release|Mixed Platforms.ActiveCfg = Release|Any CPU
		{5A6055BC-BF86-4FDD-9F62-0109DB7A303B}.Release|Mixed Platforms.Build.0 = Release|Any CPU
		{5A6055BC-BF86-4FDD-9F62-0109DB7A303B}.Release|Win32.ActiveCfg = Release|Any CPU
		{5A6055BC-BF86-4FDD-9F62-0109DB7A303B}.Release|x64.ActiveCfg = Release|Any CPU
		{5A6055BC-BF86-4FDD-9F62-0109DB7A303B}.Release|x86.ActiveCfg = Release|Any CPU
		{6F98A822-41B0-4C7A-85A6-E95C1D3E88EF}.Debug|Any CPU.ActiveCfg = Debug|Any CPU
		{6F98A822-41B0-4C7A-85A6-E95C1D3E88EF}.Debug|Any CPU.Build.0 = Debug|Any CPU
		{6F98A822-41B0-4C7A-85A6-E95C1D3E88EF}.Debug|ARM.ActiveCfg = Debug|Any CPU
		{6F98A822-41B0-4C7A-85A6-E95C1D3E88EF}.Debug|Mixed Platforms.ActiveCfg = Debug|Any CPU
		{6F98A822-41B0-4C7A-85A6-E95C1D3E88EF}.Debug|Mixed Platforms.Build.0 = Debug|Any CPU
		{6F98A822-41B0-4C7A-85A6-E95C1D3E88EF}.Debug|Win32.ActiveCfg = Debug|Any CPU
		{6F98A822-41B0-4C7A-85A6-E95C1D3E88EF}.Debug|x64.ActiveCfg = Debug|Any CPU
		{6F98A822-41B0-4C7A-85A6-E95C1D3E88EF}.Debug|x86.ActiveCfg = Debug|Any CPU
		{6F98A822-41B0-4C7A-85A6-E95C1D3E88EF}.Release|Any CPU.ActiveCfg = Release|Any CPU
		{6F98A822-41B0-4C7A-85A6-E95C1D3E88EF}.Release|Any CPU.Build.0 = Release|Any CPU
		{6F98A822-41B0-4C7A-85A6-E95C1D3E88EF}.Release|ARM.ActiveCfg = Release|Any CPU
		{6F98A822-41B0-4C7A-85A6-E95C1D3E88EF}.Release|Mixed Platforms.ActiveCfg = Release|Any CPU
		{6F98A822-41B0-4C7A-85A6-E95C1D3E88EF}.Release|Mixed Platforms.Build.0 = Release|Any CPU
		{6F98A822-41B0-4C7A-85A6-E95C1D3E88EF}.Release|Win32.ActiveCfg = Release|Any CPU
		{6F98A822-41B0-4C7A-85A6-E95C1D3E88EF}.Release|x64.ActiveCfg = Release|Any CPU
		{6F98A822-41B0-4C7A-85A6-E95C1D3E88EF}.Release|x86.ActiveCfg = Release|Any CPU
		{5384CE57-1F94-4D22-860D-2E9C1AC12DDF}.Debug|Any CPU.ActiveCfg = Debug|Any CPU
		{5384CE57-1F94-4D22-860D-2E9C1AC12DDF}.Debug|Any CPU.Build.0 = Debug|Any CPU
		{5384CE57-1F94-4D22-860D-2E9C1AC12DDF}.Debug|ARM.ActiveCfg = Debug|Any CPU
		{5384CE57-1F94-4D22-860D-2E9C1AC12DDF}.Debug|Mixed Platforms.ActiveCfg = Debug|Any CPU
		{5384CE57-1F94-4D22-860D-2E9C1AC12DDF}.Debug|Mixed Platforms.Build.0 = Debug|Any CPU
		{5384CE57-1F94-4D22-860D-2E9C1AC12DDF}.Debug|Win32.ActiveCfg = Debug|Any CPU
		{5384CE57-1F94-4D22-860D-2E9C1AC12DDF}.Debug|x64.ActiveCfg = Debug|Any CPU
		{5384CE57-1F94-4D22-860D-2E9C1AC12DDF}.Debug|x86.ActiveCfg = Debug|Any CPU
		{5384CE57-1F94-4D22-860D-2E9C1AC12DDF}.Release|Any CPU.ActiveCfg = Release|Any CPU
		{5384CE57-1F94-4D22-860D-2E9C1AC12DDF}.Release|Any CPU.Build.0 = Release|Any CPU
		{5384CE57-1F94-4D22-860D-2E9C1AC12DDF}.Release|ARM.ActiveCfg = Release|Any CPU
		{5384CE57-1F94-4D22-860D-2E9C1AC12DDF}.Release|Mixed Platforms.ActiveCfg = Release|Any CPU
		{5384CE57-1F94-4D22-860D-2E9C1AC12DDF}.Release|Mixed Platforms.Build.0 = Release|Any CPU
		{5384CE57-1F94-4D22-860D-2E9C1AC12DDF}.Release|Win32.ActiveCfg = Release|Any CPU
		{5384CE57-1F94-4D22-860D-2E9C1AC12DDF}.Release|x64.ActiveCfg = Release|Any CPU
		{5384CE57-1F94-4D22-860D-2E9C1AC12DDF}.Release|x86.ActiveCfg = Release|Any CPU
		{CFDB7D46-EA8D-47DE-B10A-9E755A1B48BA}.Debug|Any CPU.ActiveCfg = Debug|Any CPU
		{CFDB7D46-EA8D-47DE-B10A-9E755A1B48BA}.Debug|Any CPU.Build.0 = Debug|Any CPU
		{CFDB7D46-EA8D-47DE-B10A-9E755A1B48BA}.Debug|ARM.ActiveCfg = Debug|Any CPU
		{CFDB7D46-EA8D-47DE-B10A-9E755A1B48BA}.Debug|Mixed Platforms.ActiveCfg = Debug|Any CPU
		{CFDB7D46-EA8D-47DE-B10A-9E755A1B48BA}.Debug|Mixed Platforms.Build.0 = Debug|Any CPU
		{CFDB7D46-EA8D-47DE-B10A-9E755A1B48BA}.Debug|Win32.ActiveCfg = Debug|Any CPU
		{CFDB7D46-EA8D-47DE-B10A-9E755A1B48BA}.Debug|x64.ActiveCfg = Debug|Any CPU
		{CFDB7D46-EA8D-47DE-B10A-9E755A1B48BA}.Debug|x86.ActiveCfg = Debug|Any CPU
		{CFDB7D46-EA8D-47DE-B10A-9E755A1B48BA}.Release|Any CPU.ActiveCfg = Release|Any CPU
		{CFDB7D46-EA8D-47DE-B10A-9E755A1B48BA}.Release|Any CPU.Build.0 = Release|Any CPU
		{CFDB7D46-EA8D-47DE-B10A-9E755A1B48BA}.Release|ARM.ActiveCfg = Release|Any CPU
		{CFDB7D46-EA8D-47DE-B10A-9E755A1B48BA}.Release|Mixed Platforms.ActiveCfg = Release|Any CPU
		{CFDB7D46-EA8D-47DE-B10A-9E755A1B48BA}.Release|Mixed Platforms.Build.0 = Release|Any CPU
		{CFDB7D46-EA8D-47DE-B10A-9E755A1B48BA}.Release|Win32.ActiveCfg = Release|Any CPU
		{CFDB7D46-EA8D-47DE-B10A-9E755A1B48BA}.Release|x64.ActiveCfg = Release|Any CPU
		{CFDB7D46-EA8D-47DE-B10A-9E755A1B48BA}.Release|x86.ActiveCfg = Release|Any CPU
		{02FCC0BB-2AA2-43BA-8D2F-66D168B87A1D}.Debug|Any CPU.ActiveCfg = Debug|Any CPU
		{02FCC0BB-2AA2-43BA-8D2F-66D168B87A1D}.Debug|Any CPU.Build.0 = Debug|Any CPU
		{02FCC0BB-2AA2-43BA-8D2F-66D168B87A1D}.Debug|ARM.ActiveCfg = Debug|Any CPU
		{02FCC0BB-2AA2-43BA-8D2F-66D168B87A1D}.Debug|Mixed Platforms.ActiveCfg = Debug|Any CPU
		{02FCC0BB-2AA2-43BA-8D2F-66D168B87A1D}.Debug|Mixed Platforms.Build.0 = Debug|Any CPU
		{02FCC0BB-2AA2-43BA-8D2F-66D168B87A1D}.Debug|Win32.ActiveCfg = Debug|Any CPU
		{02FCC0BB-2AA2-43BA-8D2F-66D168B87A1D}.Debug|x64.ActiveCfg = Debug|Any CPU
		{02FCC0BB-2AA2-43BA-8D2F-66D168B87A1D}.Debug|x86.ActiveCfg = Debug|Any CPU
		{02FCC0BB-2AA2-43BA-8D2F-66D168B87A1D}.Release|Any CPU.ActiveCfg = Release|Any CPU
		{02FCC0BB-2AA2-43BA-8D2F-66D168B87A1D}.Release|Any CPU.Build.0 = Release|Any CPU
		{02FCC0BB-2AA2-43BA-8D2F-66D168B87A1D}.Release|ARM.ActiveCfg = Release|Any CPU
		{02FCC0BB-2AA2-43BA-8D2F-66D168B87A1D}.Release|Mixed Platforms.ActiveCfg = Release|Any CPU
		{02FCC0BB-2AA2-43BA-8D2F-66D168B87A1D}.Release|Mixed Platforms.Build.0 = Release|Any CPU
		{02FCC0BB-2AA2-43BA-8D2F-66D168B87A1D}.Release|Win32.ActiveCfg = Release|Any CPU
		{02FCC0BB-2AA2-43BA-8D2F-66D168B87A1D}.Release|x64.ActiveCfg = Release|Any CPU
		{02FCC0BB-2AA2-43BA-8D2F-66D168B87A1D}.Release|x86.ActiveCfg = Release|Any CPU
		{E6A2734E-0CD6-4210-8AEC-47EE348F8D78}.Debug|Any CPU.ActiveCfg = Debug|Any CPU
		{E6A2734E-0CD6-4210-8AEC-47EE348F8D78}.Debug|Any CPU.Build.0 = Debug|Any CPU
		{E6A2734E-0CD6-4210-8AEC-47EE348F8D78}.Debug|ARM.ActiveCfg = Debug|Any CPU
		{E6A2734E-0CD6-4210-8AEC-47EE348F8D78}.Debug|Mixed Platforms.ActiveCfg = Debug|Any CPU
		{E6A2734E-0CD6-4210-8AEC-47EE348F8D78}.Debug|Mixed Platforms.Build.0 = Debug|Any CPU
		{E6A2734E-0CD6-4210-8AEC-47EE348F8D78}.Debug|Win32.ActiveCfg = Debug|Any CPU
		{E6A2734E-0CD6-4210-8AEC-47EE348F8D78}.Debug|x64.ActiveCfg = Debug|Any CPU
		{E6A2734E-0CD6-4210-8AEC-47EE348F8D78}.Debug|x86.ActiveCfg = Debug|Any CPU
		{E6A2734E-0CD6-4210-8AEC-47EE348F8D78}.Release|Any CPU.ActiveCfg = Release|Any CPU
		{E6A2734E-0CD6-4210-8AEC-47EE348F8D78}.Release|Any CPU.Build.0 = Release|Any CPU
		{E6A2734E-0CD6-4210-8AEC-47EE348F8D78}.Release|ARM.ActiveCfg = Release|Any CPU
		{E6A2734E-0CD6-4210-8AEC-47EE348F8D78}.Release|Mixed Platforms.ActiveCfg = Release|Any CPU
		{E6A2734E-0CD6-4210-8AEC-47EE348F8D78}.Release|Mixed Platforms.Build.0 = Release|Any CPU
		{E6A2734E-0CD6-4210-8AEC-47EE348F8D78}.Release|Win32.ActiveCfg = Release|Any CPU
		{E6A2734E-0CD6-4210-8AEC-47EE348F8D78}.Release|x64.ActiveCfg = Release|Any CPU
		{E6A2734E-0CD6-4210-8AEC-47EE348F8D78}.Release|x86.ActiveCfg = Release|Any CPU
		{6B2CB8D3-0DB1-4093-B7C0-BD655D7312BC}.Debug|Any CPU.ActiveCfg = Debug|Any CPU
		{6B2CB8D3-0DB1-4093-B7C0-BD655D7312BC}.Debug|Any CPU.Build.0 = Debug|Any CPU
		{6B2CB8D3-0DB1-4093-B7C0-BD655D7312BC}.Debug|ARM.ActiveCfg = Debug|Any CPU
		{6B2CB8D3-0DB1-4093-B7C0-BD655D7312BC}.Debug|ARM.Build.0 = Debug|Any CPU
		{6B2CB8D3-0DB1-4093-B7C0-BD655D7312BC}.Debug|Mixed Platforms.ActiveCfg = Debug|Any CPU
		{6B2CB8D3-0DB1-4093-B7C0-BD655D7312BC}.Debug|Mixed Platforms.Build.0 = Debug|Any CPU
		{6B2CB8D3-0DB1-4093-B7C0-BD655D7312BC}.Debug|Win32.ActiveCfg = Debug|Any CPU
		{6B2CB8D3-0DB1-4093-B7C0-BD655D7312BC}.Debug|Win32.Build.0 = Debug|Any CPU
		{6B2CB8D3-0DB1-4093-B7C0-BD655D7312BC}.Debug|x64.ActiveCfg = Debug|Any CPU
		{6B2CB8D3-0DB1-4093-B7C0-BD655D7312BC}.Debug|x64.Build.0 = Debug|Any CPU
		{6B2CB8D3-0DB1-4093-B7C0-BD655D7312BC}.Debug|x86.ActiveCfg = Debug|Any CPU
		{6B2CB8D3-0DB1-4093-B7C0-BD655D7312BC}.Debug|x86.Build.0 = Debug|Any CPU
		{6B2CB8D3-0DB1-4093-B7C0-BD655D7312BC}.Release|Any CPU.ActiveCfg = Release|Any CPU
		{6B2CB8D3-0DB1-4093-B7C0-BD655D7312BC}.Release|Any CPU.Build.0 = Release|Any CPU
		{6B2CB8D3-0DB1-4093-B7C0-BD655D7312BC}.Release|ARM.ActiveCfg = Release|Any CPU
		{6B2CB8D3-0DB1-4093-B7C0-BD655D7312BC}.Release|ARM.Build.0 = Release|Any CPU
		{6B2CB8D3-0DB1-4093-B7C0-BD655D7312BC}.Release|Mixed Platforms.ActiveCfg = Release|Any CPU
		{6B2CB8D3-0DB1-4093-B7C0-BD655D7312BC}.Release|Mixed Platforms.Build.0 = Release|Any CPU
		{6B2CB8D3-0DB1-4093-B7C0-BD655D7312BC}.Release|Win32.ActiveCfg = Release|Any CPU
		{6B2CB8D3-0DB1-4093-B7C0-BD655D7312BC}.Release|Win32.Build.0 = Release|Any CPU
		{6B2CB8D3-0DB1-4093-B7C0-BD655D7312BC}.Release|x64.ActiveCfg = Release|Any CPU
		{6B2CB8D3-0DB1-4093-B7C0-BD655D7312BC}.Release|x64.Build.0 = Release|Any CPU
		{6B2CB8D3-0DB1-4093-B7C0-BD655D7312BC}.Release|x86.ActiveCfg = Release|Any CPU
		{6B2CB8D3-0DB1-4093-B7C0-BD655D7312BC}.Release|x86.Build.0 = Release|Any CPU
		{5F889D13-5D64-41FD-8F26-15F09A26D26F}.Debug|Any CPU.ActiveCfg = Debug|Any CPU
		{5F889D13-5D64-41FD-8F26-15F09A26D26F}.Debug|Any CPU.Build.0 = Debug|Any CPU
		{5F889D13-5D64-41FD-8F26-15F09A26D26F}.Debug|ARM.ActiveCfg = Debug|Any CPU
		{5F889D13-5D64-41FD-8F26-15F09A26D26F}.Debug|ARM.Build.0 = Debug|Any CPU
		{5F889D13-5D64-41FD-8F26-15F09A26D26F}.Debug|Mixed Platforms.ActiveCfg = Debug|Any CPU
		{5F889D13-5D64-41FD-8F26-15F09A26D26F}.Debug|Mixed Platforms.Build.0 = Debug|Any CPU
		{5F889D13-5D64-41FD-8F26-15F09A26D26F}.Debug|Win32.ActiveCfg = Debug|Any CPU
		{5F889D13-5D64-41FD-8F26-15F09A26D26F}.Debug|Win32.Build.0 = Debug|Any CPU
		{5F889D13-5D64-41FD-8F26-15F09A26D26F}.Debug|x64.ActiveCfg = Debug|Any CPU
		{5F889D13-5D64-41FD-8F26-15F09A26D26F}.Debug|x64.Build.0 = Debug|Any CPU
		{5F889D13-5D64-41FD-8F26-15F09A26D26F}.Debug|x86.ActiveCfg = Debug|Any CPU
		{5F889D13-5D64-41FD-8F26-15F09A26D26F}.Debug|x86.Build.0 = Debug|Any CPU
		{5F889D13-5D64-41FD-8F26-15F09A26D26F}.Release|Any CPU.ActiveCfg = Release|Any CPU
		{5F889D13-5D64-41FD-8F26-15F09A26D26F}.Release|Any CPU.Build.0 = Release|Any CPU
		{5F889D13-5D64-41FD-8F26-15F09A26D26F}.Release|ARM.ActiveCfg = Release|Any CPU
		{5F889D13-5D64-41FD-8F26-15F09A26D26F}.Release|ARM.Build.0 = Release|Any CPU
		{5F889D13-5D64-41FD-8F26-15F09A26D26F}.Release|Mixed Platforms.ActiveCfg = Release|Any CPU
		{5F889D13-5D64-41FD-8F26-15F09A26D26F}.Release|Mixed Platforms.Build.0 = Release|Any CPU
		{5F889D13-5D64-41FD-8F26-15F09A26D26F}.Release|Win32.ActiveCfg = Release|Any CPU
		{5F889D13-5D64-41FD-8F26-15F09A26D26F}.Release|Win32.Build.0 = Release|Any CPU
		{5F889D13-5D64-41FD-8F26-15F09A26D26F}.Release|x64.ActiveCfg = Release|Any CPU
		{5F889D13-5D64-41FD-8F26-15F09A26D26F}.Release|x64.Build.0 = Release|Any CPU
		{5F889D13-5D64-41FD-8F26-15F09A26D26F}.Release|x86.ActiveCfg = Release|Any CPU
		{5F889D13-5D64-41FD-8F26-15F09A26D26F}.Release|x86.Build.0 = Release|Any CPU
		{89A9D3BA-DB8D-462D-A26D-079417A0C612}.Debug|Any CPU.ActiveCfg = Debug|Any CPU
		{89A9D3BA-DB8D-462D-A26D-079417A0C612}.Debug|Any CPU.Build.0 = Debug|Any CPU
		{89A9D3BA-DB8D-462D-A26D-079417A0C612}.Debug|ARM.ActiveCfg = Debug|Any CPU
		{89A9D3BA-DB8D-462D-A26D-079417A0C612}.Debug|ARM.Build.0 = Debug|Any CPU
		{89A9D3BA-DB8D-462D-A26D-079417A0C612}.Debug|Mixed Platforms.ActiveCfg = Debug|Any CPU
		{89A9D3BA-DB8D-462D-A26D-079417A0C612}.Debug|Mixed Platforms.Build.0 = Debug|Any CPU
		{89A9D3BA-DB8D-462D-A26D-079417A0C612}.Debug|Win32.ActiveCfg = Debug|Any CPU
		{89A9D3BA-DB8D-462D-A26D-079417A0C612}.Debug|Win32.Build.0 = Debug|Any CPU
		{89A9D3BA-DB8D-462D-A26D-079417A0C612}.Debug|x64.ActiveCfg = Debug|Any CPU
		{89A9D3BA-DB8D-462D-A26D-079417A0C612}.Debug|x64.Build.0 = Debug|Any CPU
		{89A9D3BA-DB8D-462D-A26D-079417A0C612}.Debug|x86.ActiveCfg = Debug|Any CPU
		{89A9D3BA-DB8D-462D-A26D-079417A0C612}.Debug|x86.Build.0 = Debug|Any CPU
		{89A9D3BA-DB8D-462D-A26D-079417A0C612}.Release|Any CPU.ActiveCfg = Release|Any CPU
		{89A9D3BA-DB8D-462D-A26D-079417A0C612}.Release|Any CPU.Build.0 = Release|Any CPU
		{89A9D3BA-DB8D-462D-A26D-079417A0C612}.Release|ARM.ActiveCfg = Release|Any CPU
		{89A9D3BA-DB8D-462D-A26D-079417A0C612}.Release|ARM.Build.0 = Release|Any CPU
		{89A9D3BA-DB8D-462D-A26D-079417A0C612}.Release|Mixed Platforms.ActiveCfg = Release|Any CPU
		{89A9D3BA-DB8D-462D-A26D-079417A0C612}.Release|Mixed Platforms.Build.0 = Release|Any CPU
		{89A9D3BA-DB8D-462D-A26D-079417A0C612}.Release|Win32.ActiveCfg = Release|Any CPU
		{89A9D3BA-DB8D-462D-A26D-079417A0C612}.Release|Win32.Build.0 = Release|Any CPU
		{89A9D3BA-DB8D-462D-A26D-079417A0C612}.Release|x64.ActiveCfg = Release|Any CPU
		{89A9D3BA-DB8D-462D-A26D-079417A0C612}.Release|x64.Build.0 = Release|Any CPU
		{89A9D3BA-DB8D-462D-A26D-079417A0C612}.Release|x86.ActiveCfg = Release|Any CPU
		{89A9D3BA-DB8D-462D-A26D-079417A0C612}.Release|x86.Build.0 = Release|Any CPU
		{35910C2C-3D6D-4912-9584-4DE66C294729}.Debug|Any CPU.ActiveCfg = Debug|Any CPU
		{35910C2C-3D6D-4912-9584-4DE66C294729}.Debug|Any CPU.Build.0 = Debug|Any CPU
		{35910C2C-3D6D-4912-9584-4DE66C294729}.Debug|ARM.ActiveCfg = Debug|Any CPU
		{35910C2C-3D6D-4912-9584-4DE66C294729}.Debug|ARM.Build.0 = Debug|Any CPU
		{35910C2C-3D6D-4912-9584-4DE66C294729}.Debug|Mixed Platforms.ActiveCfg = Debug|Any CPU
		{35910C2C-3D6D-4912-9584-4DE66C294729}.Debug|Mixed Platforms.Build.0 = Debug|Any CPU
		{35910C2C-3D6D-4912-9584-4DE66C294729}.Debug|Win32.ActiveCfg = Debug|Any CPU
		{35910C2C-3D6D-4912-9584-4DE66C294729}.Debug|Win32.Build.0 = Debug|Any CPU
		{35910C2C-3D6D-4912-9584-4DE66C294729}.Debug|x64.ActiveCfg = Debug|Any CPU
		{35910C2C-3D6D-4912-9584-4DE66C294729}.Debug|x64.Build.0 = Debug|Any CPU
		{35910C2C-3D6D-4912-9584-4DE66C294729}.Debug|x86.ActiveCfg = Debug|Any CPU
		{35910C2C-3D6D-4912-9584-4DE66C294729}.Debug|x86.Build.0 = Debug|Any CPU
		{35910C2C-3D6D-4912-9584-4DE66C294729}.Release|Any CPU.ActiveCfg = Release|Any CPU
		{35910C2C-3D6D-4912-9584-4DE66C294729}.Release|Any CPU.Build.0 = Release|Any CPU
		{35910C2C-3D6D-4912-9584-4DE66C294729}.Release|ARM.ActiveCfg = Release|Any CPU
		{35910C2C-3D6D-4912-9584-4DE66C294729}.Release|ARM.Build.0 = Release|Any CPU
		{35910C2C-3D6D-4912-9584-4DE66C294729}.Release|Mixed Platforms.ActiveCfg = Release|Any CPU
		{35910C2C-3D6D-4912-9584-4DE66C294729}.Release|Mixed Platforms.Build.0 = Release|Any CPU
		{35910C2C-3D6D-4912-9584-4DE66C294729}.Release|Win32.ActiveCfg = Release|Any CPU
		{35910C2C-3D6D-4912-9584-4DE66C294729}.Release|Win32.Build.0 = Release|Any CPU
		{35910C2C-3D6D-4912-9584-4DE66C294729}.Release|x64.ActiveCfg = Release|Any CPU
		{35910C2C-3D6D-4912-9584-4DE66C294729}.Release|x64.Build.0 = Release|Any CPU
		{35910C2C-3D6D-4912-9584-4DE66C294729}.Release|x86.ActiveCfg = Release|Any CPU
		{35910C2C-3D6D-4912-9584-4DE66C294729}.Release|x86.Build.0 = Release|Any CPU
	EndGlobalSection
	GlobalSection(SolutionProperties) = preSolution
		HideSolutionNode = FALSE
	EndGlobalSection
EndGlobal
